
Microsoft Visual Studio Solution File, Format Version 12.00
# Visual Studio Version 16
VisualStudioVersion = 16.0.30320.27
MinimumVisualStudioVersion = 10.0.40219.1
Project("{FAE04EC0-301F-11D3-BF4B-00C04F79EFBC}") = "addressbook_web-tests1", "addressbook_web-tests1\addressbook_web-tests1.csproj", "{2CAD311E-F51D-4446-8822-4584E0A1E416}"
EndProject
Global
	GlobalSection(SolutionConfigurationPlatforms) = preSolution
		Debug|Any CPU = Debug|Any CPU
		Release|Any CPU = Release|Any CPU
	EndGlobalSection
	GlobalSection(ProjectConfigurationPlatforms) = postSolution
		{2CAD311E-F51D-4446-8822-4584E0A1E416}.Debug|Any CPU.ActiveCfg = Debug|Any CPU
		{2CAD311E-F51D-4446-8822-4584E0A1E416}.Debug|Any CPU.Build.0 = Debug|Any CPU
		{2CAD311E-F51D-4446-8822-4584E0A1E416}.Release|Any CPU.ActiveCfg = Release|Any CPU
		{2CAD311E-F51D-4446-8822-4584E0A1E416}.Release|Any CPU.Build.0 = Release|Any CPU
	EndGlobalSection
	GlobalSection(SolutionProperties) = preSolution
		HideSolutionNode = FALSE
	EndGlobalSection
	GlobalSection(ExtensibilityGlobals) = postSolution
		SolutionGuid = {682B0871-AA5E-46A0-9691-07C99467C845}
	EndGlobalSection
EndGlobal
